// !$*UTF8*$!
{
	archiveVersion = 1;
	classes = {
	};
	objectVersion = 51;
	objects = {

/* Begin PBXBuildFile section */
		1E919E2A8A96DEAAA1F1D947 /* Pods_ChatAppSwift.framework in Frameworks */ = {isa = PBXBuildFile; fileRef = 80B38C088200E2211F102CCA /* Pods_ChatAppSwift.framework */; };
		3B0C814525C17CEF00D3426E /* AppDelegate.swift in Sources */ = {isa = PBXBuildFile; fileRef = 3B0C814425C17CEF00D3426E /* AppDelegate.swift */; };
		3B0C814725C17CEF00D3426E /* SceneDelegate.swift in Sources */ = {isa = PBXBuildFile; fileRef = 3B0C814625C17CEF00D3426E /* SceneDelegate.swift */; };
		3B0C814925C17CEF00D3426E /* ViewController.swift in Sources */ = {isa = PBXBuildFile; fileRef = 3B0C814825C17CEF00D3426E /* ViewController.swift */; };
		3B0C814C25C17CEF00D3426E /* Main.storyboard in Resources */ = {isa = PBXBuildFile; fileRef = 3B0C814A25C17CEF00D3426E /* Main.storyboard */; };
		3B0C814E25C17CF200D3426E /* Assets.xcassets in Resources */ = {isa = PBXBuildFile; fileRef = 3B0C814D25C17CF200D3426E /* Assets.xcassets */; };
		3B0C815125C17CF200D3426E /* LaunchScreen.storyboard in Resources */ = {isa = PBXBuildFile; fileRef = 3B0C814F25C17CF200D3426E /* LaunchScreen.storyboard */; };
		3B1DA03E25C42574007839BE /* Message.swift in Sources */ = {isa = PBXBuildFile; fileRef = 3B1DA03D25C42574007839BE /* Message.swift */; };
		3B1DA04225C5714C007839BE /* MessageCell.swift in Sources */ = {isa = PBXBuildFile; fileRef = 3B1DA04025C5714C007839BE /* MessageCell.swift */; };
		3B1DA04325C5714C007839BE /* MessageCell.xib in Resources */ = {isa = PBXBuildFile; fileRef = 3B1DA04125C5714C007839BE /* MessageCell.xib */; };
		3B1DA04625C6DED5007839BE /* RoomViewController.swift in Sources */ = {isa = PBXBuildFile; fileRef = 3B1DA04525C6DED5007839BE /* RoomViewController.swift */; };
		3B2597B025C188290048CB20 /* GoogleService-Info-2.plist in Resources */ = {isa = PBXBuildFile; fileRef = 3B2597AF25C188290048CB20 /* GoogleService-Info-2.plist */; };
		3B2597BB25C18A900048CB20 /* RegisterViewController.swift in Sources */ = {isa = PBXBuildFile; fileRef = 3B2597BA25C18A900048CB20 /* RegisterViewController.swift */; };
		3B2597BE25C18AC10048CB20 /* CheckPermission.swift in Sources */ = {isa = PBXBuildFile; fileRef = 3B2597BD25C18AC10048CB20 /* CheckPermission.swift */; };
		3B2597C525C2C46A0048CB20 /* SendToDBModel.swift in Sources */ = {isa = PBXBuildFile; fileRef = 3B2597C425C2C46A0048CB20 /* SendToDBModel.swift */; };
		3BEC580625C41D5B00653411 /* TabBarViewController.swift in Sources */ = {isa = PBXBuildFile; fileRef = 3BEC580525C41D5B00653411 /* TabBarViewController.swift */; };
		3BEC580925C41DE600653411 /* ChatViewController.swift in Sources */ = {isa = PBXBuildFile; fileRef = 3BEC580825C41DE600653411 /* ChatViewController.swift */; };
/* End PBXBuildFile section */

/* Begin PBXFileReference section */
		3B0C814125C17CEF00D3426E /* ChatAppSwift.app */ = {isa = PBXFileReference; explicitFileType = wrapper.application; includeInIndex = 0; path = ChatAppSwift.app; sourceTree = BUILT_PRODUCTS_DIR; };
		3B0C814425C17CEF00D3426E /* AppDelegate.swift */ = {isa = PBXFileReference; lastKnownFileType = sourcecode.swift; path = AppDelegate.swift; sourceTree = "<group>"; };
		3B0C814625C17CEF00D3426E /* SceneDelegate.swift */ = {isa = PBXFileReference; lastKnownFileType = sourcecode.swift; path = SceneDelegate.swift; sourceTree = "<group>"; };
		3B0C814825C17CEF00D3426E /* ViewController.swift */ = {isa = PBXFileReference; lastKnownFileType = sourcecode.swift; path = ViewController.swift; sourceTree = "<group>"; };
		3B0C814B25C17CEF00D3426E /* Base */ = {isa = PBXFileReference; lastKnownFileType = file.storyboard; name = Base; path = Base.lproj/Main.storyboard; sourceTree = "<group>"; };
		3B0C814D25C17CF200D3426E /* Assets.xcassets */ = {isa = PBXFileReference; lastKnownFileType = folder.assetcatalog; path = Assets.xcassets; sourceTree = "<group>"; };
		3B0C815025C17CF200D3426E /* Base */ = {isa = PBXFileReference; lastKnownFileType = file.storyboard; name = Base; path = Base.lproj/LaunchScreen.storyboard; sourceTree = "<group>"; };
		3B0C815225C17CF200D3426E /* Info.plist */ = {isa = PBXFileReference; lastKnownFileType = text.plist.xml; path = Info.plist; sourceTree = "<group>"; };
		3B1DA03D25C42574007839BE /* Message.swift */ = {isa = PBXFileReference; lastKnownFileType = sourcecode.swift; path = Message.swift; sourceTree = "<group>"; };
		3B1DA04025C5714C007839BE /* MessageCell.swift */ = {isa = PBXFileReference; lastKnownFileType = sourcecode.swift; path = MessageCell.swift; sourceTree = "<group>"; };
		3B1DA04125C5714C007839BE /* MessageCell.xib */ = {isa = PBXFileReference; lastKnownFileType = file.xib; path = MessageCell.xib; sourceTree = "<group>"; };
		3B1DA04525C6DED5007839BE /* RoomViewController.swift */ = {isa = PBXFileReference; lastKnownFileType = sourcecode.swift; path = RoomViewController.swift; sourceTree = "<group>"; };
		3B2597AF25C188290048CB20 /* GoogleService-Info-2.plist */ = {isa = PBXFileReference; fileEncoding = 4; lastKnownFileType = text.plist.xml; path = "GoogleService-Info-2.plist"; sourceTree = "<group>"; };
		3B2597BA25C18A900048CB20 /* RegisterViewController.swift */ = {isa = PBXFileReference; lastKnownFileType = sourcecode.swift; path = RegisterViewController.swift; sourceTree = "<group>"; };
		3B2597BD25C18AC10048CB20 /* CheckPermission.swift */ = {isa = PBXFileReference; lastKnownFileType = sourcecode.swift; path = CheckPermission.swift; sourceTree = "<group>"; };
		3B2597C425C2C46A0048CB20 /* SendToDBModel.swift */ = {isa = PBXFileReference; lastKnownFileType = sourcecode.swift; path = SendToDBModel.swift; sourceTree = "<group>"; };
		3BEC580525C41D5B00653411 /* TabBarViewController.swift */ = {isa = PBXFileReference; lastKnownFileType = sourcecode.swift; path = TabBarViewController.swift; sourceTree = "<group>"; };
		3BEC580825C41DE600653411 /* ChatViewController.swift */ = {isa = PBXFileReference; lastKnownFileType = sourcecode.swift; path = ChatViewController.swift; sourceTree = "<group>"; };
		80B38C088200E2211F102CCA /* Pods_ChatAppSwift.framework */ = {isa = PBXFileReference; explicitFileType = wrapper.framework; includeInIndex = 0; path = Pods_ChatAppSwift.framework; sourceTree = BUILT_PRODUCTS_DIR; };
		99431B7BAE9AA6ABD25D7211 /* Pods-ChatAppSwift.release.xcconfig */ = {isa = PBXFileReference; includeInIndex = 1; lastKnownFileType = text.xcconfig; name = "Pods-ChatAppSwift.release.xcconfig"; path = "Target Support Files/Pods-ChatAppSwift/Pods-ChatAppSwift.release.xcconfig"; sourceTree = "<group>"; };
		A7766153D2710F699DE4B24D /* Pods-ChatAppSwift.debug.xcconfig */ = {isa = PBXFileReference; includeInIndex = 1; lastKnownFileType = text.xcconfig; name = "Pods-ChatAppSwift.debug.xcconfig"; path = "Target Support Files/Pods-ChatAppSwift/Pods-ChatAppSwift.debug.xcconfig"; sourceTree = "<group>"; };
/* End PBXFileReference section */

/* Begin PBXFrameworksBuildPhase section */
		3B0C813E25C17CEF00D3426E /* Frameworks */ = {
			isa = PBXFrameworksBuildPhase;
			buildActionMask = 2147483647;
			files = (
				1E919E2A8A96DEAAA1F1D947 /* Pods_ChatAppSwift.framework in Frameworks */,
			);
			runOnlyForDeploymentPostprocessing = 0;
		};
/* End PBXFrameworksBuildPhase section */

/* Begin PBXGroup section */
		3B0C813825C17CEF00D3426E = {
			isa = PBXGroup;
			children = (
				3B0C814325C17CEF00D3426E /* ChatAppSwift */,
				3B0C814225C17CEF00D3426E /* Products */,
				7BE0D4B5D51DFA12DB754E5E /* Pods */,
				955B2196EA4A9BC43F109AD6 /* Frameworks */,
			);
			sourceTree = "<group>";
		};
		3B0C814225C17CEF00D3426E /* Products */ = {
			isa = PBXGroup;
			children = (
				3B0C814125C17CEF00D3426E /* ChatAppSwift.app */,
			);
			name = Products;
			sourceTree = "<group>";
		};
		3B0C814325C17CEF00D3426E /* ChatAppSwift */ = {
			isa = PBXGroup;
			children = (
				3B0C814425C17CEF00D3426E /* AppDelegate.swift */,
				3B0C814625C17CEF00D3426E /* SceneDelegate.swift */,
				3B2597B425C18A2B0048CB20 /* Model */,
				3B2597B225C18A1A0048CB20 /* Controller */,
				3B0C814A25C17CEF00D3426E /* Main.storyboard */,
				3B1DA04025C5714C007839BE /* MessageCell.swift */,
				3B1DA04125C5714C007839BE /* MessageCell.xib */,
				3B0C814D25C17CF200D3426E /* Assets.xcassets */,
				3B0C814F25C17CF200D3426E /* LaunchScreen.storyboard */,
				3B0C815225C17CF200D3426E /* Info.plist */,
				3B2597AF25C188290048CB20 /* GoogleService-Info-2.plist */,
			);
			path = ChatAppSwift;
			sourceTree = "<group>";
		};
		3B2597B225C18A1A0048CB20 /* Controller */ = {
			isa = PBXGroup;
			children = (
				3B0C814825C17CEF00D3426E /* ViewController.swift */,
				3B2597BA25C18A900048CB20 /* RegisterViewController.swift */,
				3BEC580525C41D5B00653411 /* TabBarViewController.swift */,
				3BEC580825C41DE600653411 /* ChatViewController.swift */,
				3B1DA04525C6DED5007839BE /* RoomViewController.swift */,
			);
			path = Controller;
			sourceTree = "<group>";
		};
		3B2597B425C18A2B0048CB20 /* Model */ = {
			isa = PBXGroup;
			children = (
				3B2597BD25C18AC10048CB20 /* CheckPermission.swift */,
				3B1DA03D25C42574007839BE /* Message.swift */,
				3B2597C425C2C46A0048CB20 /* SendToDBModel.swift */,
			);
			path = Model;
			sourceTree = "<group>";
		};
		7BE0D4B5D51DFA12DB754E5E /* Pods */ = {
			isa = PBXGroup;
			children = (
				A7766153D2710F699DE4B24D /* Pods-ChatAppSwift.debug.xcconfig */,
				99431B7BAE9AA6ABD25D7211 /* Pods-ChatAppSwift.release.xcconfig */,
			);
			path = Pods;
			sourceTree = "<group>";
		};
		955B2196EA4A9BC43F109AD6 /* Frameworks */ = {
			isa = PBXGroup;
			children = (
				80B38C088200E2211F102CCA /* Pods_ChatAppSwift.framework */,
			);
			name = Frameworks;
			sourceTree = "<group>";
		};
/* End PBXGroup section */

/* Begin PBXNativeTarget section */
		3B0C814025C17CEF00D3426E /* ChatAppSwift */ = {
			isa = PBXNativeTarget;
			buildConfigurationList = 3B0C815525C17CF200D3426E /* Build configuration list for PBXNativeTarget "ChatAppSwift" */;
			buildPhases = (
				44C3D7E5F2D220CB00767442 /* [CP] Check Pods Manifest.lock */,
				3B0C813D25C17CEF00D3426E /* Sources */,
				3B0C813E25C17CEF00D3426E /* Frameworks */,
				3B0C813F25C17CEF00D3426E /* Resources */,
				C2EDDCCE2771E2343F81FD51 /* [CP] Embed Pods Frameworks */,
			);
			buildRules = (
			);
			dependencies = (
			);
			name = ChatAppSwift;
			productName = ChatAppSwift;
			productReference = 3B0C814125C17CEF00D3426E /* ChatAppSwift.app */;
			productType = "com.apple.product-type.application";
		};
/* End PBXNativeTarget section */

/* Begin PBXProject section */
		3B0C813925C17CEF00D3426E /* Project object */ = {
			isa = PBXProject;
			attributes = {
				LastSwiftUpdateCheck = 1210;
				LastUpgradeCheck = 1210;
				TargetAttributes = {
					3B0C814025C17CEF00D3426E = {
						CreatedOnToolsVersion = 12.1;
					};
				};
			};
			buildConfigurationList = 3B0C813C25C17CEF00D3426E /* Build configuration list for PBXProject "ChatAppSwift" */;
			compatibilityVersion = "Xcode 9.3";
			developmentRegion = en;
			hasScannedForEncodings = 0;
			knownRegions = (
				en,
				Base,
			);
			mainGroup = 3B0C813825C17CEF00D3426E;
			productRefGroup = 3B0C814225C17CEF00D3426E /* Products */;
			projectDirPath = "";
			projectRoot = "";
			targets = (
				3B0C814025C17CEF00D3426E /* ChatAppSwift */,
			);
		};
/* End PBXProject section */

/* Begin PBXResourcesBuildPhase section */
		3B0C813F25C17CEF00D3426E /* Resources */ = {
			isa = PBXResourcesBuildPhase;
			buildActionMask = 2147483647;
			files = (
				3B1DA04325C5714C007839BE /* MessageCell.xib in Resources */,
				3B0C815125C17CF200D3426E /* LaunchScreen.storyboard in Resources */,
				3B0C814E25C17CF200D3426E /* Assets.xcassets in Resources */,
				3B2597B025C188290048CB20 /* GoogleService-Info-2.plist in Resources */,
				3B0C814C25C17CEF00D3426E /* Main.storyboard in Resources */,
			);
			runOnlyForDeploymentPostprocessing = 0;
		};
/* End PBXResourcesBuildPhase section */

/* Begin PBXShellScriptBuildPhase section */
		44C3D7E5F2D220CB00767442 /* [CP] Check Pods Manifest.lock */ = {
			isa = PBXShellScriptBuildPhase;
			buildActionMask = 2147483647;
			files = (
			);
			inputFileListPaths = (
			);
			inputPaths = (
				"${PODS_PODFILE_DIR_PATH}/Podfile.lock",
				"${PODS_ROOT}/Manifest.lock",
			);
			name = "[CP] Check Pods Manifest.lock";
			outputFileListPaths = (
			);
			outputPaths = (
				"$(DERIVED_FILE_DIR)/Pods-ChatAppSwift-checkManifestLockResult.txt",
			);
			runOnlyForDeploymentPostprocessing = 0;
			shellPath = /bin/sh;
			shellScript = "diff \"${PODS_PODFILE_DIR_PATH}/Podfile.lock\" \"${PODS_ROOT}/Manifest.lock\" > /dev/null\nif [ $? != 0 ] ; then\n    # print error to STDERR\n    echo \"error: The sandbox is not in sync with the Podfile.lock. Run 'pod install' or update your CocoaPods installation.\" >&2\n    exit 1\nfi\n# This output is used by Xcode 'outputs' to avoid re-running this script phase.\necho \"SUCCESS\" > \"${SCRIPT_OUTPUT_FILE_0}\"\n";
			showEnvVarsInLog = 0;
		};
		C2EDDCCE2771E2343F81FD51 /* [CP] Embed Pods Frameworks */ = {
			isa = PBXShellScriptBuildPhase;
			buildActionMask = 2147483647;
			files = (
			);
			inputFileListPaths = (
				"${PODS_ROOT}/Target Support Files/Pods-ChatAppSwift/Pods-ChatAppSwift-frameworks-${CONFIGURATION}-input-files.xcfilelist",
			);
			name = "[CP] Embed Pods Frameworks";
			outputFileListPaths = (
				"${PODS_ROOT}/Target Support Files/Pods-ChatAppSwift/Pods-ChatAppSwift-frameworks-${CONFIGURATION}-output-files.xcfilelist",
			);
			runOnlyForDeploymentPostprocessing = 0;
			shellPath = /bin/sh;
			shellScript = "\"${PODS_ROOT}/Target Support Files/Pods-ChatAppSwift/Pods-ChatAppSwift-frameworks.sh\"\n";
			showEnvVarsInLog = 0;
		};
/* End PBXShellScriptBuildPhase section */

/* Begin PBXSourcesBuildPhase section */
		3B0C813D25C17CEF00D3426E /* Sources */ = {
			isa = PBXSourcesBuildPhase;
			buildActionMask = 2147483647;
			files = (
				3B2597BE25C18AC10048CB20 /* CheckPermission.swift in Sources */,
				3B1DA04225C5714C007839BE /* MessageCell.swift in Sources */,
				3B0C814925C17CEF00D3426E /* ViewController.swift in Sources */,
				3BEC580925C41DE600653411 /* ChatViewController.swift in Sources */,
				3B1DA03E25C42574007839BE /* Message.swift in Sources */,
				3B0C814525C17CEF00D3426E /* AppDelegate.swift in Sources */,
				3B1DA04625C6DED5007839BE /* RoomViewController.swift in Sources */,
				3B0C814725C17CEF00D3426E /* SceneDelegate.swift in Sources */,
				3BEC580625C41D5B00653411 /* TabBarViewController.swift in Sources */,
				3B2597C525C2C46A0048CB20 /* SendToDBModel.swift in Sources */,
				3B2597BB25C18A900048CB20 /* RegisterViewController.swift in Sources */,
			);
			runOnlyForDeploymentPostprocessing = 0;
		};
/* End PBXSourcesBuildPhase section */

/* Begin PBXVariantGroup section */
		3B0C814A25C17CEF00D3426E /* Main.storyboard */ = {
			isa = PBXVariantGroup;
			children = (
				3B0C814B25C17CEF00D3426E /* Base */,
			);
			name = Main.storyboard;
			sourceTree = "<group>";
		};
		3B0C814F25C17CF200D3426E /* LaunchScreen.storyboard */ = {
			isa = PBXVariantGroup;
			children = (
				3B0C815025C17CF200D3426E /* Base */,
			);
			name = LaunchScreen.storyboard;
			sourceTree = "<group>";
		};
/* End PBXVariantGroup section */

/* Begin XCBuildConfiguration section */
		3B0C815325C17CF200D3426E /* Debug */ = {
			isa = XCBuildConfiguration;
			buildSettings = {
				ALWAYS_SEARCH_USER_PATHS = NO;
				CLANG_ANALYZER_NONNULL = YES;
				CLANG_ANALYZER_NUMBER_OBJECT_CONVERSION = YES_AGGRESSIVE;
				CLANG_CXX_LANGUAGE_STANDARD = "gnu++14";
				CLANG_CXX_LIBRARY = "libc++";
				CLANG_ENABLE_MODULES = YES;
				CLANG_ENABLE_OBJC_ARC = YES;
				CLANG_ENABLE_OBJC_WEAK = YES;
				CLANG_WARN_BLOCK_CAPTURE_AUTORELEASING = YES;
				CLANG_WARN_BOOL_CONVERSION = YES;
				CLANG_WARN_COMMA = YES;
				CLANG_WARN_CONSTANT_CONVERSION = YES;
				CLANG_WARN_DEPRECATED_OBJC_IMPLEMENTATIONS = YES;
				CLANG_WARN_DIRECT_OBJC_ISA_USAGE = YES_ERROR;
				CLANG_WARN_DOCUMENTATION_COMMENTS = YES;
				CLANG_WARN_EMPTY_BODY = YES;
				CLANG_WARN_ENUM_CONVERSION = YES;
				CLANG_WARN_INFINITE_RECURSION = YES;
				CLANG_WARN_INT_CONVERSION = YES;
				CLANG_WARN_NON_LITERAL_NULL_CONVERSION = YES;
				CLANG_WARN_OBJC_IMPLICIT_RETAIN_SELF = YES;
				CLANG_WARN_OBJC_LITERAL_CONVERSION = YES;
				CLANG_WARN_OBJC_ROOT_CLASS = YES_ERROR;
				CLANG_WARN_QUOTED_INCLUDE_IN_FRAMEWORK_HEADER = YES;
				CLANG_WARN_RANGE_LOOP_ANALYSIS = YES;
				CLANG_WARN_STRICT_PROTOTYPES = YES;
				CLANG_WARN_SUSPICIOUS_MOVE = YES;
				CLANG_WARN_UNGUARDED_AVAILABILITY = YES_AGGRESSIVE;
				CLANG_WARN_UNREACHABLE_CODE = YES;
				CLANG_WARN__DUPLICATE_METHOD_MATCH = YES;
				COPY_PHASE_STRIP = NO;
				DEBUG_INFORMATION_FORMAT = dwarf;
				ENABLE_STRICT_OBJC_MSGSEND = YES;
				ENABLE_TESTABILITY = YES;
				GCC_C_LANGUAGE_STANDARD = gnu11;
				GCC_DYNAMIC_NO_PIC = NO;
				GCC_NO_COMMON_BLOCKS = YES;
				GCC_OPTIMIZATION_LEVEL = 0;
				GCC_PREPROCESSOR_DEFINITIONS = (
					"DEBUG=1",
					"$(inherited)",
				);
				GCC_WARN_64_TO_32_BIT_CONVERSION = YES;
				GCC_WARN_ABOUT_RETURN_TYPE = YES_ERROR;
				GCC_WARN_UNDECLARED_SELECTOR = YES;
				GCC_WARN_UNINITIALIZED_AUTOS = YES_AGGRESSIVE;
				GCC_WARN_UNUSED_FUNCTION = YES;
				GCC_WARN_UNUSED_VARIABLE = YES;
				IPHONEOS_DEPLOYMENT_TARGET = 14.1;
				MTL_ENABLE_DEBUG_INFO = INCLUDE_SOURCE;
				MTL_FAST_MATH = YES;
				ONLY_ACTIVE_ARCH = YES;
				SDKROOT = iphoneos;
				SWIFT_ACTIVE_COMPILATION_CONDITIONS = DEBUG;
				SWIFT_OPTIMIZATION_LEVEL = "-Onone";
			};
			name = Debug;
		};
		3B0C815425C17CF200D3426E /* Release */ = {
			isa = XCBuildConfiguration;
			buildSettings = {
				ALWAYS_SEARCH_USER_PATHS = NO;
				CLANG_ANALYZER_NONNULL = YES;
				CLANG_ANALYZER_NUMBER_OBJECT_CONVERSION = YES_AGGRESSIVE;
				CLANG_CXX_LANGUAGE_STANDARD = "gnu++14";
				CLANG_CXX_LIBRARY = "libc++";
				CLANG_ENABLE_MODULES = YES;
				CLANG_ENABLE_OBJC_ARC = YES;
				CLANG_ENABLE_OBJC_WEAK = YES;
				CLANG_WARN_BLOCK_CAPTURE_AUTORELEASING = YES;
				CLANG_WARN_BOOL_CONVERSION = YES;
				CLANG_WARN_COMMA = YES;
				CLANG_WARN_CONSTANT_CONVERSION = YES;
				CLANG_WARN_DEPRECATED_OBJC_IMPLEMENTATIONS = YES;
				CLANG_WARN_DIRECT_OBJC_ISA_USAGE = YES_ERROR;
				CLANG_WARN_DOCUMENTATION_COMMENTS = YES;
				CLANG_WARN_EMPTY_BODY = YES;
				CLANG_WARN_ENUM_CONVERSION = YES;
				CLANG_WARN_INFINITE_RECURSION = YES;
				CLANG_WARN_INT_CONVERSION = YES;
				CLANG_WARN_NON_LITERAL_NULL_CONVERSION = YES;
				CLANG_WARN_OBJC_IMPLICIT_RETAIN_SELF = YES;
				CLANG_WARN_OBJC_LITERAL_CONVERSION = YES;
				CLANG_WARN_OBJC_ROOT_CLASS = YES_ERROR;
				CLANG_WARN_QUOTED_INCLUDE_IN_FRAMEWORK_HEADER = YES;
				CLANG_WARN_RANGE_LOOP_ANALYSIS = YES;
				CLANG_WARN_STRICT_PROTOTYPES = YES;
				CLANG_WARN_SUSPICIOUS_MOVE = YES;
				CLANG_WARN_UNGUARDED_AVAILABILITY = YES_AGGRESSIVE;
				CLANG_WARN_UNREACHABLE_CODE = YES;
				CLANG_WARN__DUPLICATE_METHOD_MATCH = YES;
				COPY_PHASE_STRIP = NO;
				DEBUG_INFORMATION_FORMAT = "dwarf-with-dsym";
				ENABLE_NS_ASSERTIONS = NO;
				ENABLE_STRICT_OBJC_MSGSEND = YES;
				GCC_C_LANGUAGE_STANDARD = gnu11;
				GCC_NO_COMMON_BLOCKS = YES;
				GCC_WARN_64_TO_32_BIT_CONVERSION = YES;
				GCC_WARN_ABOUT_RETURN_TYPE = YES_ERROR;
				GCC_WARN_UNDECLARED_SELECTOR = YES;
				GCC_WARN_UNINITIALIZED_AUTOS = YES_AGGRESSIVE;
				GCC_WARN_UNUSED_FUNCTION = YES;
				GCC_WARN_UNUSED_VARIABLE = YES;
				IPHONEOS_DEPLOYMENT_TARGET = 14.1;
				MTL_ENABLE_DEBUG_INFO = NO;
				MTL_FAST_MATH = YES;
				SDKROOT = iphoneos;
				SWIFT_COMPILATION_MODE = wholemodule;
				SWIFT_OPTIMIZATION_LEVEL = "-O";
				VALIDATE_PRODUCT = YES;
			};
			name = Release;
		};
		3B0C815625C17CF200D3426E /* Debug */ = {
			isa = XCBuildConfiguration;
			baseConfigurationReference = A7766153D2710F699DE4B24D /* Pods-ChatAppSwift.debug.xcconfig */;
			buildSettings = {
				ASSETCATALOG_COMPILER_APPICON_NAME = AppIcon;
				ASSETCATALOG_COMPILER_GLOBAL_ACCENT_COLOR_NAME = AccentColor;
				CODE_SIGN_STYLE = Automatic;
				DEVELOPMENT_TEAM = MZS6GWM7ZN;
				INFOPLIST_FILE = ChatAppSwift/Info.plist;
				LD_RUNPATH_SEARCH_PATHS = (
					"$(inherited)",
					"@executable_path/Frameworks",
				);
				PRODUCT_BUNDLE_IDENTIFIER = com.antk.ChatAppSwift;
				PRODUCT_NAME = "$(TARGET_NAME)";
				SWIFT_VERSION = 5.0;
				TARGETED_DEVICE_FAMILY = 1;
			};
			name = Debug;
		};
		3B0C815725C17CF200D3426E /* Release */ = {
			isa = XCBuildConfiguration;
			baseConfigurationReference = 99431B7BAE9AA6ABD25D7211 /* Pods-ChatAppSwift.release.xcconfig */;
			buildSettings = {
				ASSETCATALOG_COMPILER_APPICON_NAME = AppIcon;
				ASSETCATALOG_COMPILER_GLOBAL_ACCENT_COLOR_NAME = AccentColor;
				CODE_SIGN_STYLE = Automatic;
				DEVELOPMENT_TEAM = MZS6GWM7ZN;
				INFOPLIST_FILE = ChatAppSwift/Info.plist;
				LD_RUNPATH_SEARCH_PATHS = (
					"$(inherited)",
					"@executable_path/Frameworks",
				);
				PRODUCT_BUNDLE_IDENTIFIER = com.antk.ChatAppSwift;
				PRODUCT_NAME = "$(TARGET_NAME)";
				SWIFT_VERSION = 5.0;
				TARGETED_DEVICE_FAMILY = 1;
			};
			name = Release;
		};
/* End XCBuildConfiguration section */

/* Begin XCConfigurationList section */
		3B0C813C25C17CEF00D3426E /* Build configuration list for PBXProject "ChatAppSwift" */ = {
			isa = XCConfigurationList;
			buildConfigurations = (
				3B0C815325C17CF200D3426E /* Debug */,
				3B0C815425C17CF200D3426E /* Release */,
			);
			defaultConfigurationIsVisible = 0;
			defaultConfigurationName = Release;
		};
		3B0C815525C17CF200D3426E /* Build configuration list for PBXNativeTarget "ChatAppSwift" */ = {
			isa = XCConfigurationList;
			buildConfigurations = (
				3B0C815625C17CF200D3426E /* Debug */,
				3B0C815725C17CF200D3426E /* Release */,
			);
			defaultConfigurationIsVisible = 0;
			defaultConfigurationName = Release;
		};
/* End XCConfigurationList section */
	};
	rootObject = 3B0C813925C17CEF00D3426E /* Project object */;
}
